// !$*UTF8*$!
{
	archiveVersion = 1;
	classes = {
	};
	objectVersion = 46;
	objects = {

/* Begin PBXBuildFile section */
		5024F91318EDC6FD00B96639 /* NSValue+ATPAudioValueRange.m in Sources */ = {isa = PBXBuildFile; fileRef = 5024F91218EDC6FD00B96639 /* NSValue+ATPAudioValueRange.m */; };
		50A0A11618EAEE2400F20799 /* ATPAudioConverter.m in Sources */ = {isa = PBXBuildFile; fileRef = 50A0A11118EAEE2400F20799 /* ATPAudioConverter.m */; };
		50A0A11718EAEE2400F20799 /* ATPAudioConverter+Properties.m in Sources */ = {isa = PBXBuildFile; fileRef = 50A0A11318EAEE2400F20799 /* ATPAudioConverter+Properties.m */; };
		50A0A11818EAEE2400F20799 /* NSError+ATPError.m in Sources */ = {isa = PBXBuildFile; fileRef = 50A0A11518EAEE2400F20799 /* NSError+ATPError.m */; };
		50BCFE4718F5621C00227FC0 /* ATPAudioCompressionSession.m in Sources */ = {isa = PBXBuildFile; fileRef = 50BCFE4618F5621C00227FC0 /* ATPAudioCompressionSession.m */; };
		50BCFE5018F5866000227FC0 /* TPCircularBuffer.c in Sources */ = {isa = PBXBuildFile; fileRef = 50BCFE4E18F5866000227FC0 /* TPCircularBuffer.c */; };
		50BCFE5318F58C4400227FC0 /* TPCircularBuffer+AudioBufferList.c in Sources */ = {isa = PBXBuildFile; fileRef = 50BCFE5118F58C4400227FC0 /* TPCircularBuffer+AudioBufferList.c */; };
/* End PBXBuildFile section */

/* Begin PBXFileReference section */
		5024F91118EDC6FD00B96639 /* NSValue+ATPAudioValueRange.h */ = {isa = PBXFileReference; fileEncoding = 4; lastKnownFileType = sourcecode.c.h; path = "NSValue+ATPAudioValueRange.h"; sourceTree = "<group>"; };
		5024F91218EDC6FD00B96639 /* NSValue+ATPAudioValueRange.m */ = {isa = PBXFileReference; fileEncoding = 4; lastKnownFileType = sourcecode.c.objc; path = "NSValue+ATPAudioValueRange.m"; sourceTree = "<group>"; };
		50A0A0E118EAED5A00F20799 /* libAudioToolboxPlus.a */ = {isa = PBXFileReference; explicitFileType = archive.ar; includeInIndex = 0; path = libAudioToolboxPlus.a; sourceTree = BUILT_PRODUCTS_DIR; };
		50A0A10C18EAEDBE00F20799 /* AudioToolboxPlus-Prefix.pch */ = {isa = PBXFileReference; fileEncoding = 4; lastKnownFileType = sourcecode.c.h; path = "AudioToolboxPlus-Prefix.pch"; sourceTree = "<group>"; };
		50A0A10D18EAEDBE00F20799 /* AudioToolboxPlus.h */ = {isa = PBXFileReference; fileEncoding = 4; lastKnownFileType = sourcecode.c.h; path = AudioToolboxPlus.h; sourceTree = "<group>"; };
		50A0A11018EAEE2400F20799 /* ATPAudioConverter.h */ = {isa = PBXFileReference; fileEncoding = 4; lastKnownFileType = sourcecode.c.h; path = ATPAudioConverter.h; sourceTree = "<group>"; };
		50A0A11118EAEE2400F20799 /* ATPAudioConverter.m */ = {isa = PBXFileReference; fileEncoding = 4; lastKnownFileType = sourcecode.c.objc; path = ATPAudioConverter.m; sourceTree = "<group>"; };
		50A0A11218EAEE2400F20799 /* ATPAudioConverter+Properties.h */ = {isa = PBXFileReference; fileEncoding = 4; lastKnownFileType = sourcecode.c.h; path = "ATPAudioConverter+Properties.h"; sourceTree = "<group>"; };
		50A0A11318EAEE2400F20799 /* ATPAudioConverter+Properties.m */ = {isa = PBXFileReference; fileEncoding = 4; lastKnownFileType = sourcecode.c.objc; path = "ATPAudioConverter+Properties.m"; sourceTree = "<group>"; };
		50A0A11418EAEE2400F20799 /* NSError+ATPError.h */ = {isa = PBXFileReference; fileEncoding = 4; lastKnownFileType = sourcecode.c.h; path = "NSError+ATPError.h"; sourceTree = "<group>"; };
		50A0A11518EAEE2400F20799 /* NSError+ATPError.m */ = {isa = PBXFileReference; fileEncoding = 4; lastKnownFileType = sourcecode.c.objc; path = "NSError+ATPError.m"; sourceTree = "<group>"; };
		50BCFE4518F5621C00227FC0 /* ATPAudioCompressionSession.h */ = {isa = PBXFileReference; fileEncoding = 4; lastKnownFileType = sourcecode.c.h; path = ATPAudioCompressionSession.h; sourceTree = "<group>"; };
		50BCFE4618F5621C00227FC0 /* ATPAudioCompressionSession.m */ = {isa = PBXFileReference; fileEncoding = 4; lastKnownFileType = sourcecode.c.objc; path = ATPAudioCompressionSession.m; sourceTree = "<group>"; };
		50BCFE4E18F5866000227FC0 /* TPCircularBuffer.c */ = {isa = PBXFileReference; fileEncoding = 4; lastKnownFileType = sourcecode.c.c; path = TPCircularBuffer.c; sourceTree = "<group>"; };
		50BCFE4F18F5866000227FC0 /* TPCircularBuffer.h */ = {isa = PBXFileReference; fileEncoding = 4; lastKnownFileType = sourcecode.c.h; path = TPCircularBuffer.h; sourceTree = "<group>"; };
		50BCFE5118F58C4400227FC0 /* TPCircularBuffer+AudioBufferList.c */ = {isa = PBXFileReference; fileEncoding = 4; lastKnownFileType = sourcecode.c.c; path = "TPCircularBuffer+AudioBufferList.c"; sourceTree = "<group>"; };
		50BCFE5218F58C4400227FC0 /* TPCircularBuffer+AudioBufferList.h */ = {isa = PBXFileReference; fileEncoding = 4; lastKnownFileType = sourcecode.c.h; path = "TPCircularBuffer+AudioBufferList.h"; sourceTree = "<group>"; };
/* End PBXFileReference section */

/* Begin PBXGroup section */
		50A0A0D818EAED5A00F20799 = {
			isa = PBXGroup;
			children = (
				50A0A10B18EAEDB300F20799 /* AudioToolboxPlus */,
				50A0A0E318EAED5A00F20799 /* Frameworks */,
				50A0A0E218EAED5A00F20799 /* Products */,
			);
			sourceTree = "<group>";
		};
		50A0A0E218EAED5A00F20799 /* Products */ = {
			isa = PBXGroup;
			children = (
				50A0A0E118EAED5A00F20799 /* libAudioToolboxPlus.a */,
			);
			name = Products;
			sourceTree = "<group>";
		};
		50A0A0E318EAED5A00F20799 /* Frameworks */ = {
			isa = PBXGroup;
			children = (
			);
			name = Frameworks;
			sourceTree = "<group>";
		};
		50A0A10B18EAEDB300F20799 /* AudioToolboxPlus */ = {
			isa = PBXGroup;
			children = (
				50A0A10C18EAEDBE00F20799 /* AudioToolboxPlus-Prefix.pch */,
				50A0A10D18EAEDBE00F20799 /* AudioToolboxPlus.h */,
				50A0A11018EAEE2400F20799 /* ATPAudioConverter.h */,
				50A0A11118EAEE2400F20799 /* ATPAudioConverter.m */,
				50A0A11218EAEE2400F20799 /* ATPAudioConverter+Properties.h */,
				50A0A11318EAEE2400F20799 /* ATPAudioConverter+Properties.m */,
				50BCFE4518F5621C00227FC0 /* ATPAudioCompressionSession.h */,
				50BCFE4618F5621C00227FC0 /* ATPAudioCompressionSession.m */,
				50A0A11418EAEE2400F20799 /* NSError+ATPError.h */,
				50A0A11518EAEE2400F20799 /* NSError+ATPError.m */,
				5024F91118EDC6FD00B96639 /* NSValue+ATPAudioValueRange.h */,
				5024F91218EDC6FD00B96639 /* NSValue+ATPAudioValueRange.m */,
				50BCFE4F18F5866000227FC0 /* TPCircularBuffer.h */,
				50BCFE4E18F5866000227FC0 /* TPCircularBuffer.c */,
				50BCFE5218F58C4400227FC0 /* TPCircularBuffer+AudioBufferList.h */,
				50BCFE5118F58C4400227FC0 /* TPCircularBuffer+AudioBufferList.c */,
			);
			name = AudioToolboxPlus;
			sourceTree = "<group>";
		};
/* End PBXGroup section */

/* Begin PBXNativeTarget section */
		50A0A0E018EAED5A00F20799 /* AudioToolboxPlus */ = {
			isa = PBXNativeTarget;
			buildConfigurationList = 50A0A10518EAED5A00F20799 /* Build configuration list for PBXNativeTarget "AudioToolboxPlus" */;
			buildPhases = (
				50A0A0DD18EAED5A00F20799 /* Sources */,
			);
			buildRules = (
			);
			dependencies = (
			);
			name = AudioToolboxPlus;
			productName = AudioToolboxPlus;
			productReference = 50A0A0E118EAED5A00F20799 /* libAudioToolboxPlus.a */;
			productType = "com.apple.product-type.library.static";
		};
/* End PBXNativeTarget section */

/* Begin PBXProject section */
		50A0A0D918EAED5A00F20799 /* Project object */ = {
			isa = PBXProject;
			attributes = {
				LastUpgradeCheck = 0510;
				ORGANIZATIONNAME = McZonk;
			};
			buildConfigurationList = 50A0A0DC18EAED5A00F20799 /* Build configuration list for PBXProject "AudioToolboxPlus-OSX" */;
			compatibilityVersion = "Xcode 3.2";
			developmentRegion = English;
			hasScannedForEncodings = 0;
			knownRegions = (
				en,
			);
			mainGroup = 50A0A0D818EAED5A00F20799;
			productRefGroup = 50A0A0E218EAED5A00F20799 /* Products */;
			projectDirPath = "";
			projectRoot = "";
			targets = (
				50A0A0E018EAED5A00F20799 /* AudioToolboxPlus */,
			);
		};
/* End PBXProject section */

/* Begin PBXSourcesBuildPhase section */
		50A0A0DD18EAED5A00F20799 /* Sources */ = {
			isa = PBXSourcesBuildPhase;
			buildActionMask = 2147483647;
			files = (
				50BCFE5318F58C4400227FC0 /* TPCircularBuffer+AudioBufferList.c in Sources */,
				50BCFE5018F5866000227FC0 /* TPCircularBuffer.c in Sources */,
				50BCFE4718F5621C00227FC0 /* ATPAudioCompressionSession.m in Sources */,
				50A0A11618EAEE2400F20799 /* ATPAudioConverter.m in Sources */,
				5024F91318EDC6FD00B96639 /* NSValue+ATPAudioValueRange.m in Sources */,
				50A0A11718EAEE2400F20799 /* ATPAudioConverter+Properties.m in Sources */,
				50A0A11818EAEE2400F20799 /* NSError+ATPError.m in Sources */,
			);
			runOnlyForDeploymentPostprocessing = 0;
		};
/* End PBXSourcesBuildPhase section */

/* Begin XCBuildConfiguration section */
		50A0A10318EAED5A00F20799 /* Debug */ = {
			isa = XCBuildConfiguration;
			buildSettings = {
				ALWAYS_SEARCH_USER_PATHS = NO;
				CLANG_CXX_LANGUAGE_STANDARD = "gnu++0x";
				CLANG_CXX_LIBRARY = "libc++";
				CLANG_ENABLE_MODULES = YES;
				CLANG_ENABLE_OBJC_ARC = YES;
				CLANG_WARN_BOOL_CONVERSION = YES;
				CLANG_WARN_CONSTANT_CONVERSION = YES;
				CLANG_WARN_DIRECT_OBJC_ISA_USAGE = YES_ERROR;
				CLANG_WARN_EMPTY_BODY = YES;
				CLANG_WARN_ENUM_CONVERSION = YES;
				CLANG_WARN_INT_CONVERSION = YES;
				CLANG_WARN_OBJC_ROOT_CLASS = YES_ERROR;
				CLANG_WARN__DUPLICATE_METHOD_MATCH = YES;
				COPY_PHASE_STRIP = NO;
				GCC_C_LANGUAGE_STANDARD = gnu99;
				GCC_DYNAMIC_NO_PIC = NO;
				GCC_ENABLE_OBJC_EXCEPTIONS = YES;
				GCC_OPTIMIZATION_LEVEL = 0;
				GCC_PREPROCESSOR_DEFINITIONS = (
					"DEBUG=1",
					"$(inherited)",
				);
				GCC_SYMBOLS_PRIVATE_EXTERN = NO;
				GCC_WARN_64_TO_32_BIT_CONVERSION = YES;
				GCC_WARN_ABOUT_RETURN_TYPE = YES_ERROR;
				GCC_WARN_UNDECLARED_SELECTOR = YES;
				GCC_WARN_UNINITIALIZED_AUTOS = YES_AGGRESSIVE;
				GCC_WARN_UNUSED_FUNCTION = YES;
				GCC_WARN_UNUSED_VARIABLE = YES;
				MACOSX_DEPLOYMENT_TARGET = 10.9;
				ONLY_ACTIVE_ARCH = YES;
				SDKROOT = macosx;
			};
			name = Debug;
		};
		50A0A10418EAED5A00F20799 /* Release */ = {
			isa = XCBuildConfiguration;
			buildSettings = {
				ALWAYS_SEARCH_USER_PATHS = NO;
				CLANG_CXX_LANGUAGE_STANDARD = "gnu++0x";
				CLANG_CXX_LIBRARY = "libc++";
				CLANG_ENABLE_MODULES = YES;
				CLANG_ENABLE_OBJC_ARC = YES;
				CLANG_WARN_BOOL_CONVERSION = YES;
				CLANG_WARN_CONSTANT_CONVERSION = YES;
				CLANG_WARN_DIRECT_OBJC_ISA_USAGE = YES_ERROR;
				CLANG_WARN_EMPTY_BODY = YES;
				CLANG_WARN_ENUM_CONVERSION = YES;
				CLANG_WARN_INT_CONVERSION = YES;
				CLANG_WARN_OBJC_ROOT_CLASS = YES_ERROR;
				CLANG_WARN__DUPLICATE_METHOD_MATCH = YES;
				COPY_PHASE_STRIP = YES;
				DEBUG_INFORMATION_FORMAT = "dwarf-with-dsym";
				ENABLE_NS_ASSERTIONS = NO;
				GCC_C_LANGUAGE_STANDARD = gnu99;
				GCC_ENABLE_OBJC_EXCEPTIONS = YES;
				GCC_WARN_64_TO_32_BIT_CONVERSION = YES;
				GCC_WARN_ABOUT_RETURN_TYPE = YES_ERROR;
				GCC_WARN_UNDECLARED_SELECTOR = YES;
				GCC_WARN_UNINITIALIZED_AUTOS = YES_AGGRESSIVE;
				GCC_WARN_UNUSED_FUNCTION = YES;
				GCC_WARN_UNUSED_VARIABLE = YES;
				MACOSX_DEPLOYMENT_TARGET = 10.9;
				SDKROOT = macosx;
			};
			name = Release;
		};
		50A0A10618EAED5A00F20799 /* Debug */ = {
			isa = XCBuildConfiguration;
			buildSettings = {
				GCC_PRECOMPILE_PREFIX_HEADER = YES;
				GCC_PREFIX_HEADER = "AudioToolboxPlus-Prefix.pch";
				PRODUCT_NAME = "$(TARGET_NAME)";
			};
			name = Debug;
		};
		50A0A10718EAED5A00F20799 /* Release */ = {
			isa = XCBuildConfiguration;
			buildSettings = {
				GCC_PRECOMPILE_PREFIX_HEADER = YES;
				GCC_PREFIX_HEADER = "AudioToolboxPlus-Prefix.pch";
				PRODUCT_NAME = "$(TARGET_NAME)";
			};
			name = Release;
		};
/* End XCBuildConfiguration section */

/* Begin XCConfigurationList section */
		50A0A0DC18EAED5A00F20799 /* Build configuration list for PBXProject "AudioToolboxPlus-OSX" */ = {
			isa = XCConfigurationList;
			buildConfigurations = (
				50A0A10318EAED5A00F20799 /* Debug */,
				50A0A10418EAED5A00F20799 /* Release */,
			);
			defaultConfigurationIsVisible = 0;
			defaultConfigurationName = Release;
		};
		50A0A10518EAED5A00F20799 /* Build configuration list for PBXNativeTarget "AudioToolboxPlus" */ = {
			isa = XCConfigurationList;
			buildConfigurations = (
				50A0A10618EAED5A00F20799 /* Debug */,
				50A0A10718EAED5A00F20799 /* Release */,
			);
			defaultConfigurationIsVisible = 0;
			defaultConfigurationName = Release;
		};
/* End XCConfigurationList section */
	};
	rootObject = 50A0A0D918EAED5A00F20799 /* Project object */;
}
